// !$*UTF8*$!
{
	archiveVersion = 1;
	classes = {
	};
	objectVersion = 50;
	objects = {

/* Begin PBXBuildFile section */
		E40C7D9620CED7CF0014E2EC /* Window.xib in Resources */ = {isa = PBXBuildFile; fileRef = E40C7D9520CED7CF0014E2EC /* Window.xib */; };
		E497D4EE20ACC0920039DA03 /* AppDelegate.swift in Sources */ = {isa = PBXBuildFile; fileRef = E497D4ED20ACC0920039DA03 /* AppDelegate.swift */; };
		E497D4F020ACC0920039DA03 /* ViewController.swift in Sources */ = {isa = PBXBuildFile; fileRef = E497D4EF20ACC0920039DA03 /* ViewController.swift */; };
		E497D4F220ACC0940039DA03 /* Assets.xcassets in Resources */ = {isa = PBXBuildFile; fileRef = E497D4F120ACC0940039DA03 /* Assets.xcassets */; };
		E497D4F520ACC0940039DA03 /* Main.storyboard in Resources */ = {isa = PBXBuildFile; fileRef = E497D4F320ACC0940039DA03 /* Main.storyboard */; };
/* End PBXBuildFile section */

/* Begin PBXFileReference section */
		E40C7D9520CED7CF0014E2EC /* Window.xib */ = {isa = PBXFileReference; lastKnownFileType = file.xib; path = Window.xib; sourceTree = "<group>"; };
		E497D4EA20ACC0920039DA03 /* BluetoohAndTouchBar.app */ = {isa = PBXFileReference; explicitFileType = wrapper.application; includeInIndex = 0; path = BluetoohAndTouchBar.app; sourceTree = BUILT_PRODUCTS_DIR; };
		E497D4ED20ACC0920039DA03 /* AppDelegate.swift */ = {isa = PBXFileReference; lastKnownFileType = sourcecode.swift; path = AppDelegate.swift; sourceTree = "<group>"; };
		E497D4EF20ACC0920039DA03 /* ViewController.swift */ = {isa = PBXFileReference; lastKnownFileType = sourcecode.swift; path = ViewController.swift; sourceTree = "<group>"; };
		E497D4F120ACC0940039DA03 /* Assets.xcassets */ = {isa = PBXFileReference; lastKnownFileType = folder.assetcatalog; path = Assets.xcassets; sourceTree = "<group>"; };
		E497D4F420ACC0940039DA03 /* Base */ = {isa = PBXFileReference; lastKnownFileType = file.storyboard; name = Base; path = Base.lproj/Main.storyboard; sourceTree = "<group>"; };
		E497D4F620ACC0940039DA03 /* Info.plist */ = {isa = PBXFileReference; lastKnownFileType = text.plist.xml; path = Info.plist; sourceTree = "<group>"; };
		E497D4F720ACC0940039DA03 /* BluetoohAndTouchBar.entitlements */ = {isa = PBXFileReference; lastKnownFileType = text.plist.entitlements; path = BluetoohAndTouchBar.entitlements; sourceTree = "<group>"; };
/* End PBXFileReference section */

/* Begin PBXFrameworksBuildPhase section */
		E497D4E720ACC0920039DA03 /* Frameworks */ = {
			isa = PBXFrameworksBuildPhase;
			buildActionMask = 2147483647;
			files = (
			);
			runOnlyForDeploymentPostprocessing = 0;
		};
/* End PBXFrameworksBuildPhase section */

/* Begin PBXGroup section */
		E497D4E120ACC0920039DA03 = {
			isa = PBXGroup;
			children = (
				E497D4EC20ACC0920039DA03 /* BluetoohAndTouchBar */,
				E497D4EB20ACC0920039DA03 /* Products */,
			);
			sourceTree = "<group>";
		};
		E497D4EB20ACC0920039DA03 /* Products */ = {
			isa = PBXGroup;
			children = (
				E497D4EA20ACC0920039DA03 /* BluetoohAndTouchBar.app */,
			);
			name = Products;
			sourceTree = "<group>";
		};
		E497D4EC20ACC0920039DA03 /* BluetoohAndTouchBar */ = {
			isa = PBXGroup;
			children = (
				E497D4ED20ACC0920039DA03 /* AppDelegate.swift */,
				E497D4EF20ACC0920039DA03 /* ViewController.swift */,
				E497D4F120ACC0940039DA03 /* Assets.xcassets */,
				E497D4F320ACC0940039DA03 /* Main.storyboard */,
				E497D4F620ACC0940039DA03 /* Info.plist */,
				E497D4F720ACC0940039DA03 /* BluetoohAndTouchBar.entitlements */,
				E40C7D9520CED7CF0014E2EC /* Window.xib */,
			);
			path = BluetoohAndTouchBar;
			sourceTree = "<group>";
		};
/* End PBXGroup section */

/* Begin PBXNativeTarget section */
		E497D4E920ACC0920039DA03 /* BluetoohAndTouchBar */ = {
			isa = PBXNativeTarget;
			buildConfigurationList = E497D4FA20ACC0940039DA03 /* Build configuration list for PBXNativeTarget "BluetoohAndTouchBar" */;
			buildPhases = (
				E497D4E620ACC0920039DA03 /* Sources */,
				E497D4E720ACC0920039DA03 /* Frameworks */,
				E497D4E820ACC0920039DA03 /* Resources */,
			);
			buildRules = (
			);
			dependencies = (
			);
			name = BluetoohAndTouchBar;
			productName = BluetoohAndTouchBar;
			productReference = E497D4EA20ACC0920039DA03 /* BluetoohAndTouchBar.app */;
			productType = "com.apple.product-type.application";
		};
/* End PBXNativeTarget section */

/* Begin PBXProject section */
		E497D4E220ACC0920039DA03 /* Project object */ = {
			isa = PBXProject;
			attributes = {
				LastSwiftUpdateCheck = 0930;
				LastUpgradeCheck = 0930;
				ORGANIZATIONNAME = "Max Kraev";
				TargetAttributes = {
					E497D4E920ACC0920039DA03 = {
						CreatedOnToolsVersion = 9.3.1;
					};
				};
			};
			buildConfigurationList = E497D4E520ACC0920039DA03 /* Build configuration list for PBXProject "BluetoohAndTouchBar" */;
			compatibilityVersion = "Xcode 9.3";
			developmentRegion = en;
			hasScannedForEncodings = 0;
			knownRegions = (
				en,
				Base,
			);
			mainGroup = E497D4E120ACC0920039DA03;
			productRefGroup = E497D4EB20ACC0920039DA03 /* Products */;
			projectDirPath = "";
			projectRoot = "";
			targets = (
				E497D4E920ACC0920039DA03 /* BluetoohAndTouchBar */,
			);
		};
/* End PBXProject section */

/* Begin PBXResourcesBuildPhase section */
		E497D4E820ACC0920039DA03 /* Resources */ = {
			isa = PBXResourcesBuildPhase;
			buildActionMask = 2147483647;
			files = (
				E497D4F220ACC0940039DA03 /* Assets.xcassets in Resources */,
				E497D4F520ACC0940039DA03 /* Main.storyboard in Resources */,
				E40C7D9620CED7CF0014E2EC /* Window.xib in Resources */,
			);
			runOnlyForDeploymentPostprocessing = 0;
		};
/* End PBXResourcesBuildPhase section */

/* Begin PBXSourcesBuildPhase section */
		E497D4E620ACC0920039DA03 /* Sources */ = {
			isa = PBXSourcesBuildPhase;
			buildActionMask = 2147483647;
			files = (
				E497D4F020ACC0920039DA03 /* ViewController.swift in Sources */,
				E497D4EE20ACC0920039DA03 /* AppDelegate.swift in Sources */,
			);
			runOnlyForDeploymentPostprocessing = 0;
		};
/* End PBXSourcesBuildPhase section */

/* Begin PBXVariantGroup section */
		E497D4F320ACC0940039DA03 /* Main.storyboard */ = {
			isa = PBXVariantGroup;
			children = (
				E497D4F420ACC0940039DA03 /* Base */,
			);
			name = Main.storyboard;
			sourceTree = "<group>";
		};
/* End PBXVariantGroup section */

/* Begin XCBuildConfiguration section */
		E497D4F820ACC0940039DA03 /* Debug */ = {
			isa = XCBuildConfiguration;
			buildSettings = {
				ALWAYS_SEARCH_USER_PATHS = NO;
				CLANG_ANALYZER_NONNULL = YES;
				CLANG_ANALYZER_NUMBER_OBJECT_CONVERSION = YES_AGGRESSIVE;
				CLANG_CXX_LANGUAGE_STANDARD = "gnu++14";
				CLANG_CXX_LIBRARY = "libc++";
				CLANG_ENABLE_MODULES = YES;
				CLANG_ENABLE_OBJC_ARC = YES;
				CLANG_ENABLE_OBJC_WEAK = YES;
				CLANG_WARN_BLOCK_CAPTURE_AUTORELEASING = YES;
				CLANG_WARN_BOOL_CONVERSION = YES;
				CLANG_WARN_COMMA = YES;
				CLANG_WARN_CONSTANT_CONVERSION = YES;
				CLANG_WARN_DEPRECATED_OBJC_IMPLEMENTATIONS = YES;
				CLANG_WARN_DIRECT_OBJC_ISA_USAGE = YES_ERROR;
				CLANG_WARN_DOCUMENTATION_COMMENTS = YES;
				CLANG_WARN_EMPTY_BODY = YES;
				CLANG_WARN_ENUM_CONVERSION = YES;
				CLANG_WARN_INFINITE_RECURSION = YES;
				CLANG_WARN_INT_CONVERSION = YES;
				CLANG_WARN_NON_LITERAL_NULL_CONVERSION = YES;
				CLANG_WARN_OBJC_IMPLICIT_RETAIN_SELF = YES;
				CLANG_WARN_OBJC_LITERAL_CONVERSION = YES;
				CLANG_WARN_OBJC_ROOT_CLASS = YES_ERROR;
				CLANG_WARN_RANGE_LOOP_ANALYSIS = YES;
				CLANG_WARN_STRICT_PROTOTYPES = YES;
				CLANG_WARN_SUSPICIOUS_MOVE = YES;
				CLANG_WARN_UNGUARDED_AVAILABILITY = YES_AGGRESSIVE;
				CLANG_WARN_UNREACHABLE_CODE = YES;
				CLANG_WARN__DUPLICATE_METHOD_MATCH = YES;
				CODE_SIGN_IDENTITY = "Mac Developer";
				COPY_PHASE_STRIP = NO;
				DEBUG_INFORMATION_FORMAT = dwarf;
				ENABLE_STRICT_OBJC_MSGSEND = YES;
				ENABLE_TESTABILITY = YES;
				GCC_C_LANGUAGE_STANDARD = gnu11;
				GCC_DYNAMIC_NO_PIC = NO;
				GCC_NO_COMMON_BLOCKS = YES;
				GCC_OPTIMIZATION_LEVEL = 0;
				GCC_PREPROCESSOR_DEFINITIONS = (
					"DEBUG=1",
					"$(inherited)",
				);
				GCC_WARN_64_TO_32_BIT_CONVERSION = YES;
				GCC_WARN_ABOUT_RETURN_TYPE = YES_ERROR;
				GCC_WARN_UNDECLARED_SELECTOR = YES;
				GCC_WARN_UNINITIALIZED_AUTOS = YES_AGGRESSIVE;
				GCC_WARN_UNUSED_FUNCTION = YES;
				GCC_WARN_UNUSED_VARIABLE = YES;
				MACOSX_DEPLOYMENT_TARGET = 10.13;
				MTL_ENABLE_DEBUG_INFO = YES;
				ONLY_ACTIVE_ARCH = YES;
				SDKROOT = macosx;
				SWIFT_ACTIVE_COMPILATION_CONDITIONS = DEBUG;
				SWIFT_OPTIMIZATION_LEVEL = "-Onone";
			};
			name = Debug;
		};
		E497D4F920ACC0940039DA03 /* Release */ = {
			isa = XCBuildConfiguration;
			buildSettings = {
				ALWAYS_SEARCH_USER_PATHS = NO;
				CLANG_ANALYZER_NONNULL = YES;
				CLANG_ANALYZER_NUMBER_OBJECT_CONVERSION = YES_AGGRESSIVE;
				CLANG_CXX_LANGUAGE_STANDARD = "gnu++14";
				CLANG_CXX_LIBRARY = "libc++";
				CLANG_ENABLE_MODULES = YES;
				CLANG_ENABLE_OBJC_ARC = YES;
				CLANG_ENABLE_OBJC_WEAK = YES;
				CLANG_WARN_BLOCK_CAPTURE_AUTORELEASING = YES;
				CLANG_WARN_BOOL_CONVERSION = YES;
				CLANG_WARN_COMMA = YES;
				CLANG_WARN_CONSTANT_CONVERSION = YES;
				CLANG_WARN_DEPRECATED_OBJC_IMPLEMENTATIONS = YES;
				CLANG_WARN_DIRECT_OBJC_ISA_USAGE = YES_ERROR;
				CLANG_WARN_DOCUMENTATION_COMMENTS = YES;
				CLANG_WARN_EMPTY_BODY = YES;
				CLANG_WARN_ENUM_CONVERSION = YES;
				CLANG_WARN_INFINITE_RECURSION = YES;
				CLANG_WARN_INT_CONVERSION = YES;
				CLANG_WARN_NON_LITERAL_NULL_CONVERSION = YES;
				CLANG_WARN_OBJC_IMPLICIT_RETAIN_SELF = YES;
				CLANG_WARN_OBJC_LITERAL_CONVERSION = YES;
				CLANG_WARN_OBJC_ROOT_CLASS = YES_ERROR;
				CLANG_WARN_RANGE_LOOP_ANALYSIS = YES;
				CLANG_WARN_STRICT_PROTOTYPES = YES;
				CLANG_WARN_SUSPICIOUS_MOVE = YES;
				CLANG_WARN_UNGUARDED_AVAILABILITY = YES_AGGRESSIVE;
				CLANG_WARN_UNREACHABLE_CODE = YES;
				CLANG_WARN__DUPLICATE_METHOD_MATCH = YES;
				CODE_SIGN_IDENTITY = "Mac Developer";
				COPY_PHASE_STRIP = NO;
				DEBUG_INFORMATION_FORMAT = "dwarf-with-dsym";
				ENABLE_NS_ASSERTIONS = NO;
				ENABLE_STRICT_OBJC_MSGSEND = YES;
				GCC_C_LANGUAGE_STANDARD = gnu11;
				GCC_NO_COMMON_BLOCKS = YES;
				GCC_WARN_64_TO_32_BIT_CONVERSION = YES;
				GCC_WARN_ABOUT_RETURN_TYPE = YES_ERROR;
				GCC_WARN_UNDECLARED_SELECTOR = YES;
				GCC_WARN_UNINITIALIZED_AUTOS = YES_AGGRESSIVE;
				GCC_WARN_UNUSED_FUNCTION = YES;
				GCC_WARN_UNUSED_VARIABLE = YES;
				MACOSX_DEPLOYMENT_TARGET = 10.13;
				MTL_ENABLE_DEBUG_INFO = NO;
				SDKROOT = macosx;
				SWIFT_COMPILATION_MODE = wholemodule;
				SWIFT_OPTIMIZATION_LEVEL = "-O";
			};
			name = Release;
		};
		E497D4FB20ACC0940039DA03 /* Debug */ = {
			isa = XCBuildConfiguration;
			buildSettings = {
				ASSETCATALOG_COMPILER_APPICON_NAME = AppIcon;
				CODE_SIGN_ENTITLEMENTS = BluetoohAndTouchBar/BluetoohAndTouchBar.entitlements;
				CODE_SIGN_STYLE = Automatic;
				COMBINE_HIDPI_IMAGES = YES;
				DEVELOPMENT_TEAM = UA7EV3Y4QH;
				INFOPLIST_FILE = BluetoohAndTouchBar/Info.plist;
				LD_RUNPATH_SEARCH_PATHS = (
					"$(inherited)",
					"@executable_path/../Frameworks",
				);
				MACOSX_DEPLOYMENT_TARGET = 10.13;
				PRODUCT_BUNDLE_IDENTIFIER = com.setmysails.BluetoothAndTouchBar;
				PRODUCT_NAME = "$(TARGET_NAME)";
				SWIFT_VERSION = 4.0;
			};
			name = Debug;
		};
		E497D4FC20ACC0940039DA03 /* Release */ = {
			isa = XCBuildConfiguration;
			buildSettings = {
				ASSETCATALOG_COMPILER_APPICON_NAME = AppIcon;
				CODE_SIGN_ENTITLEMENTS = BluetoohAndTouchBar/BluetoohAndTouchBar.entitlements;
				CODE_SIGN_STYLE = Automatic;
				COMBINE_HIDPI_IMAGES = YES;
				DEVELOPMENT_TEAM = UA7EV3Y4QH;
				INFOPLIST_FILE = BluetoohAndTouchBar/Info.plist;
				LD_RUNPATH_SEARCH_PATHS = (
					"$(inherited)",
					"@executable_path/../Frameworks",
				);
				MACOSX_DEPLOYMENT_TARGET = 10.13;
				PRODUCT_BUNDLE_IDENTIFIER = com.setmysails.BluetoothAndTouchBar;
				PRODUCT_NAME = "$(TARGET_NAME)";
				SWIFT_VERSION = 4.0;
			};
			name = Release;
		};
/* End XCBuildConfiguration section */

/* Begin XCConfigurationList section */
		E497D4E520ACC0920039DA03 /* Build configuration list for PBXProject "BluetoohAndTouchBar" */ = {
			isa = XCConfigurationList;
			buildConfigurations = (
				E497D4F820ACC0940039DA03 /* Debug */,
				E497D4F920ACC0940039DA03 /* Release */,
			);
			defaultConfigurationIsVisible = 0;
			defaultConfigurationName = Release;
		};
		E497D4FA20ACC0940039DA03 /* Build configuration list for PBXNativeTarget "BluetoohAndTouchBar" */ = {
			isa = XCConfigurationList;
			buildConfigurations = (
				E497D4FB20ACC0940039DA03 /* Debug */,
				E497D4FC20ACC0940039DA03 /* Release */,
			);
			defaultConfigurationIsVisible = 0;
			defaultConfigurationName = Release;
		};
/* End XCConfigurationList section */
	};
	rootObject = E497D4E220ACC0920039DA03 /* Project object */;
}
